
Microsoft Visual Studio Solution File, Format Version 12.00
# Visual Studio Version 16
VisualStudioVersion = 16.0.30002.166
MinimumVisualStudioVersion = 10.0.40219.1
Project("{9A19103F-16F7-4668-BE54-9A1E7A4F7556}") = "CAPSTONE_2_TASK_LIST", "CAPSTONE_2_TASK_LIST\CAPSTONE_2_TASK_LIST.csproj", "{76B63897-2D3F-49D6-B506-439D3263931F}"
EndProject
Global
	GlobalSection(SolutionConfigurationPlatforms) = preSolution
		Debug|Any CPU = Debug|Any CPU
		Release|Any CPU = Release|Any CPU
	EndGlobalSection
	GlobalSection(ProjectConfigurationPlatforms) = postSolution
		{76B63897-2D3F-49D6-B506-439D3263931F}.Debug|Any CPU.ActiveCfg = Debug|Any CPU
		{76B63897-2D3F-49D6-B506-439D3263931F}.Debug|Any CPU.Build.0 = Debug|Any CPU
		{76B63897-2D3F-49D6-B506-439D3263931F}.Release|Any CPU.ActiveCfg = Release|Any CPU
		{76B63897-2D3F-49D6-B506-439D3263931F}.Release|Any CPU.Build.0 = Release|Any CPU
	EndGlobalSection
	GlobalSection(SolutionProperties) = preSolution
		HideSolutionNode = FALSE
	EndGlobalSection
	GlobalSection(ExtensibilityGlobals) = postSolution
		SolutionGuid = {A60558B9-E55E-418B-9E1D-373C4CC896FB}
	EndGlobalSection
EndGlobal
